
Microsoft Visual Studio Solution File, Format Version 12.00
# Visual Studio 15
VisualStudioVersion = 15.0.28307.489
MinimumVisualStudioVersion = 10.0.40219.1
Project("{FAE04EC0-301F-11D3-BF4B-00C04F79EFBC}") = "ChoreTracker.Android", "ChoreTracker\ChoreTracker.Android\ChoreTracker.Android.csproj", "{113F6978-96EE-4928-AF0E-65301B785813}"
EndProject
Project("{FAE04EC0-301F-11D3-BF4B-00C04F79EFBC}") = "ChoreTracker.iOS", "ChoreTracker\ChoreTracker.iOS\ChoreTracker.iOS.csproj", "{632B38F5-196E-4460-8E2F-D7D907F17F2B}"
EndProject
Project("{9A19103F-16F7-4668-BE54-9A1E7A4F7556}") = "ChoreTracker", "ChoreTracker\ChoreTracker\ChoreTracker.csproj", "{60BF7BEE-B3CF-4A1F-A714-55308B9334B2}"
EndProject
Global
	GlobalSection(SolutionConfigurationPlatforms) = preSolution
		Ad-Hoc|Any CPU = Ad-Hoc|Any CPU
		Ad-Hoc|iPhone = Ad-Hoc|iPhone
		Ad-Hoc|iPhoneSimulator = Ad-Hoc|iPhoneSimulator
		AppStore|Any CPU = AppStore|Any CPU
		AppStore|iPhone = AppStore|iPhone
		AppStore|iPhoneSimulator = AppStore|iPhoneSimulator
		Debug|Any CPU = Debug|Any CPU
		Debug|iPhone = Debug|iPhone
		Debug|iPhoneSimulator = Debug|iPhoneSimulator
		Release|Any CPU = Release|Any CPU
		Release|iPhone = Release|iPhone
		Release|iPhoneSimulator = Release|iPhoneSimulator
	EndGlobalSection
	GlobalSection(ProjectConfigurationPlatforms) = postSolution
		{113F6978-96EE-4928-AF0E-65301B785813}.Ad-Hoc|Any CPU.ActiveCfg = Release|Any CPU
		{113F6978-96EE-4928-AF0E-65301B785813}.Ad-Hoc|Any CPU.Build.0 = Release|Any CPU
		{113F6978-96EE-4928-AF0E-65301B785813}.Ad-Hoc|Any CPU.Deploy.0 = Release|Any CPU
		{113F6978-96EE-4928-AF0E-65301B785813}.Ad-Hoc|iPhone.ActiveCfg = Release|Any CPU
		{113F6978-96EE-4928-AF0E-65301B785813}.Ad-Hoc|iPhone.Build.0 = Release|Any CPU
		{113F6978-96EE-4928-AF0E-65301B785813}.Ad-Hoc|iPhone.Deploy.0 = Release|Any CPU
		{113F6978-96EE-4928-AF0E-65301B785813}.Ad-Hoc|iPhoneSimulator.ActiveCfg = Release|Any CPU
		{113F6978-96EE-4928-AF0E-65301B785813}.Ad-Hoc|iPhoneSimulator.Build.0 = Release|Any CPU
		{113F6978-96EE-4928-AF0E-65301B785813}.Ad-Hoc|iPhoneSimulator.Deploy.0 = Release|Any CPU
		{113F6978-96EE-4928-AF0E-65301B785813}.AppStore|Any CPU.ActiveCfg = Release|Any CPU
		{113F6978-96EE-4928-AF0E-65301B785813}.AppStore|Any CPU.Build.0 = Release|Any CPU
		{113F6978-96EE-4928-AF0E-65301B785813}.AppStore|Any CPU.Deploy.0 = Release|Any CPU
		{113F6978-96EE-4928-AF0E-65301B785813}.AppStore|iPhone.ActiveCfg = Release|Any CPU
		{113F6978-96EE-4928-AF0E-65301B785813}.AppStore|iPhone.Build.0 = Release|Any CPU
		{113F6978-96EE-4928-AF0E-65301B785813}.AppStore|iPhone.Deploy.0 = Release|Any CPU
		{113F6978-96EE-4928-AF0E-65301B785813}.AppStore|iPhoneSimulator.ActiveCfg = Release|Any CPU
		{113F6978-96EE-4928-AF0E-65301B785813}.AppStore|iPhoneSimulator.Build.0 = Release|Any CPU
		{113F6978-96EE-4928-AF0E-65301B785813}.AppStore|iPhoneSimulator.Deploy.0 = Release|Any CPU
		{113F6978-96EE-4928-AF0E-65301B785813}.Debug|Any CPU.ActiveCfg = Debug|Any CPU
		{113F6978-96EE-4928-AF0E-65301B785813}.Debug|Any CPU.Build.0 = Debug|Any CPU
		{113F6978-96EE-4928-AF0E-65301B785813}.Debug|Any CPU.Deploy.0 = Debug|Any CPU
		{113F6978-96EE-4928-AF0E-65301B785813}.Debug|iPhone.ActiveCfg = Debug|Any CPU
		{113F6978-96EE-4928-AF0E-65301B785813}.Debug|iPhone.Build.0 = Debug|Any CPU
		{113F6978-96EE-4928-AF0E-65301B785813}.Debug|iPhone.Deploy.0 = Debug|Any CPU
		{113F6978-96EE-4928-AF0E-65301B785813}.Debug|iPhoneSimulator.ActiveCfg = Debug|Any CPU
		{113F6978-96EE-4928-AF0E-65301B785813}.Debug|iPhoneSimulator.Build.0 = Debug|Any CPU
		{113F6978-96EE-4928-AF0E-65301B785813}.Debug|iPhoneSimulator.Deploy.0 = Debug|Any CPU
		{113F6978-96EE-4928-AF0E-65301B785813}.Release|Any CPU.ActiveCfg = Release|Any CPU
		{113F6978-96EE-4928-AF0E-65301B785813}.Release|Any CPU.Build.0 = Release|Any CPU
		{113F6978-96EE-4928-AF0E-65301B785813}.Release|Any CPU.Deploy.0 = Release|Any CPU
		{113F6978-96EE-4928-AF0E-65301B785813}.Release|iPhone.ActiveCfg = Release|Any CPU
		{113F6978-96EE-4928-AF0E-65301B785813}.Release|iPhone.Build.0 = Release|Any CPU
		{113F6978-96EE-4928-AF0E-65301B785813}.Release|iPhone.Deploy.0 = Release|Any CPU
		{113F6978-96EE-4928-AF0E-65301B785813}.Release|iPhoneSimulator.ActiveCfg = Release|Any CPU
		{113F6978-96EE-4928-AF0E-65301B785813}.Release|iPhoneSimulator.Build.0 = Release|Any CPU
		{113F6978-96EE-4928-AF0E-65301B785813}.Release|iPhoneSimulator.Deploy.0 = Release|Any CPU
		{632B38F5-196E-4460-8E2F-D7D907F17F2B}.Ad-Hoc|Any CPU.ActiveCfg = Ad-Hoc|iPhone
		{632B38F5-196E-4460-8E2F-D7D907F17F2B}.Ad-Hoc|Any CPU.Build.0 = Ad-Hoc|iPhone
		{632B38F5-196E-4460-8E2F-D7D907F17F2B}.Ad-Hoc|Any CPU.Deploy.0 = Ad-Hoc|iPhone
		{632B38F5-196E-4460-8E2F-D7D907F17F2B}.Ad-Hoc|iPhone.ActiveCfg = Ad-Hoc|iPhone
		{632B38F5-196E-4460-8E2F-D7D907F17F2B}.Ad-Hoc|iPhone.Build.0 = Ad-Hoc|iPhone
		{632B38F5-196E-4460-8E2F-D7D907F17F2B}.Ad-Hoc|iPhone.Deploy.0 = Ad-Hoc|iPhone
		{632B38F5-196E-4460-8E2F-D7D907F17F2B}.Ad-Hoc|iPhoneSimulator.ActiveCfg = Ad-Hoc|iPhoneSimulator
		{632B38F5-196E-4460-8E2F-D7D907F17F2B}.Ad-Hoc|iPhoneSimulator.Build.0 = Ad-Hoc|iPhoneSimulator
		{632B38F5-196E-4460-8E2F-D7D907F17F2B}.Ad-Hoc|iPhoneSimulator.Deploy.0 = Ad-Hoc|iPhoneSimulator
		{632B38F5-196E-4460-8E2F-D7D907F17F2B}.AppStore|Any CPU.ActiveCfg = AppStore|iPhone
		{632B38F5-196E-4460-8E2F-D7D907F17F2B}.AppStore|Any CPU.Build.0 = AppStore|iPhone
		{632B38F5-196E-4460-8E2F-D7D907F17F2B}.AppStore|Any CPU.Deploy.0 = AppStore|iPhone
		{632B38F5-196E-4460-8E2F-D7D907F17F2B}.AppStore|iPhone.ActiveCfg = AppStore|iPhone
		{632B38F5-196E-4460-8E2F-D7D907F17F2B}.AppStore|iPhone.Build.0 = AppStore|iPhone
		{632B38F5-196E-4460-8E2F-D7D907F17F2B}.AppStore|iPhone.Deploy.0 = AppStore|iPhone
		{632B38F5-196E-4460-8E2F-D7D907F17F2B}.AppStore|iPhoneSimulator.ActiveCfg = AppStore|iPhoneSimulator
		{632B38F5-196E-4460-8E2F-D7D907F17F2B}.AppStore|iPhoneSimulator.Build.0 = AppStore|iPhoneSimulator
		{632B38F5-196E-4460-8E2F-D7D907F17F2B}.AppStore|iPhoneSimulator.Deploy.0 = AppStore|iPhoneSimulator
		{632B38F5-196E-4460-8E2F-D7D907F17F2B}.Debug|Any CPU.ActiveCfg = Debug|iPhoneSimulator
		{632B38F5-196E-4460-8E2F-D7D907F17F2B}.Debug|Any CPU.Build.0 = Debug|iPhoneSimulator
		{632B38F5-196E-4460-8E2F-D7D907F17F2B}.Debug|Any CPU.Deploy.0 = Debug|iPhoneSimulator
		{632B38F5-196E-4460-8E2F-D7D907F17F2B}.Debug|iPhone.ActiveCfg = Debug|iPhone
		{632B38F5-196E-4460-8E2F-D7D907F17F2B}.Debug|iPhone.Build.0 = Debug|iPhone
		{632B38F5-196E-4460-8E2F-D7D907F17F2B}.Debug|iPhone.Deploy.0 = Debug|iPhone
		{632B38F5-196E-4460-8E2F-D7D907F17F2B}.Debug|iPhoneSimulator.ActiveCfg = Debug|iPhoneSimulator
		{632B38F5-196E-4460-8E2F-D7D907F17F2B}.Debug|iPhoneSimulator.Build.0 = Debug|iPhoneSimulator
		{632B38F5-196E-4460-8E2F-D7D907F17F2B}.Debug|iPhoneSimulator.Deploy.0 = Debug|iPhoneSimulator
		{632B38F5-196E-4460-8E2F-D7D907F17F2B}.Release|Any CPU.ActiveCfg = Release|iPhone
		{632B38F5-196E-4460-8E2F-D7D907F17F2B}.Release|Any CPU.Build.0 = Release|iPhone
		{632B38F5-196E-4460-8E2F-D7D907F17F2B}.Release|Any CPU.Deploy.0 = Release|iPhone
		{632B38F5-196E-4460-8E2F-D7D907F17F2B}.Release|iPhone.ActiveCfg = Release|iPhone
		{632B38F5-196E-4460-8E2F-D7D907F17F2B}.Release|iPhone.Build.0 = Release|iPhone
		{632B38F5-196E-4460-8E2F-D7D907F17F2B}.Release|iPhone.Deploy.0 = Release|iPhone
		{632B38F5-196E-4460-8E2F-D7D907F17F2B}.Release|iPhoneSimulator.ActiveCfg = Release|iPhoneSimulator
		{632B38F5-196E-4460-8E2F-D7D907F17F2B}.Release|iPhoneSimulator.Build.0 = Release|iPhoneSimulator
		{632B38F5-196E-4460-8E2F-D7D907F17F2B}.Release|iPhoneSimulator.Deploy.0 = Release|iPhoneSimulator
		{60BF7BEE-B3CF-4A1F-A714-55308B9334B2}.Ad-Hoc|Any CPU.ActiveCfg = Debug|Any CPU
		{60BF7BEE-B3CF-4A1F-A714-55308B9334B2}.Ad-Hoc|Any CPU.Build.0 = Debug|Any CPU
		{60BF7BEE-B3CF-4A1F-A714-55308B9334B2}.Ad-Hoc|Any CPU.Deploy.0 = Debug|Any CPU
		{60BF7BEE-B3CF-4A1F-A714-55308B9334B2}.Ad-Hoc|iPhone.ActiveCfg = Debug|Any CPU
		{60BF7BEE-B3CF-4A1F-A714-55308B9334B2}.Ad-Hoc|iPhone.Build.0 = Debug|Any CPU
		{60BF7BEE-B3CF-4A1F-A714-55308B9334B2}.Ad-Hoc|iPhone.Deploy.0 = Debug|Any CPU
		{60BF7BEE-B3CF-4A1F-A714-55308B9334B2}.Ad-Hoc|iPhoneSimulator.ActiveCfg = Debug|Any CPU
		{60BF7BEE-B3CF-4A1F-A714-55308B9334B2}.Ad-Hoc|iPhoneSimulator.Build.0 = Debug|Any CPU
		{60BF7BEE-B3CF-4A1F-A714-55308B9334B2}.Ad-Hoc|iPhoneSimulator.Deploy.0 = Debug|Any CPU
		{60BF7BEE-B3CF-4A1F-A714-55308B9334B2}.AppStore|Any CPU.ActiveCfg = Debug|Any CPU
		{60BF7BEE-B3CF-4A1F-A714-55308B9334B2}.AppStore|Any CPU.Build.0 = Debug|Any CPU
		{60BF7BEE-B3CF-4A1F-A714-55308B9334B2}.AppStore|Any CPU.Deploy.0 = Debug|Any CPU
		{60BF7BEE-B3CF-4A1F-A714-55308B9334B2}.AppStore|iPhone.ActiveCfg = Debug|Any CPU
		{60BF7BEE-B3CF-4A1F-A714-55308B9334B2}.AppStore|iPhone.Build.0 = Debug|Any CPU
		{60BF7BEE-B3CF-4A1F-A714-55308B9334B2}.AppStore|iPhone.Deploy.0 = Debug|Any CPU
		{60BF7BEE-B3CF-4A1F-A714-55308B9334B2}.AppStore|iPhoneSimulator.ActiveCfg = Debug|Any CPU
		{60BF7BEE-B3CF-4A1F-A714-55308B9334B2}.AppStore|iPhoneSimulator.Build.0 = Debug|Any CPU
		{60BF7BEE-B3CF-4A1F-A714-55308B9334B2}.AppStore|iPhoneSimulator.Deploy.0 = Debug|Any CPU
		{60BF7BEE-B3CF-4A1F-A714-55308B9334B2}.Debug|Any CPU.ActiveCfg = Debug|Any CPU
		{60BF7BEE-B3CF-4A1F-A714-55308B9334B2}.Debug|Any CPU.Build.0 = Debug|Any CPU
		{60BF7BEE-B3CF-4A1F-A714-55308B9334B2}.Debug|Any CPU.Deploy.0 = Debug|Any CPU
		{60BF7BEE-B3CF-4A1F-A714-55308B9334B2}.Debug|iPhone.ActiveCfg = Debug|Any CPU
		{60BF7BEE-B3CF-4A1F-A714-55308B9334B2}.Debug|iPhone.Build.0 = Debug|Any CPU
		{60BF7BEE-B3CF-4A1F-A714-55308B9334B2}.Debug|iPhone.Deploy.0 = Debug|Any CPU
		{60BF7BEE-B3CF-4A1F-A714-55308B9334B2}.Debug|iPhoneSimulator.ActiveCfg = Debug|Any CPU
		{60BF7BEE-B3CF-4A1F-A714-55308B9334B2}.Debug|iPhoneSimulator.Build.0 = Debug|Any CPU
		{60BF7BEE-B3CF-4A1F-A714-55308B9334B2}.Debug|iPhoneSimulator.Deploy.0 = Debug|Any CPU
		{60BF7BEE-B3CF-4A1F-A714-55308B9334B2}.Release|Any CPU.ActiveCfg = Release|Any CPU
		{60BF7BEE-B3CF-4A1F-A714-55308B9334B2}.Release|Any CPU.Build.0 = Release|Any CPU
		{60BF7BEE-B3CF-4A1F-A714-55308B9334B2}.Release|Any CPU.Deploy.0 = Release|Any CPU
		{60BF7BEE-B3CF-4A1F-A714-55308B9334B2}.Release|iPhone.ActiveCfg = Release|Any CPU
		{60BF7BEE-B3CF-4A1F-A714-55308B9334B2}.Release|iPhone.Build.0 = Release|Any CPU
		{60BF7BEE-B3CF-4A1F-A714-55308B9334B2}.Release|iPhone.Deploy.0 = Release|Any CPU
		{60BF7BEE-B3CF-4A1F-A714-55308B9334B2}.Release|iPhoneSimulator.ActiveCfg = Release|Any CPU
		{60BF7BEE-B3CF-4A1F-A714-55308B9334B2}.Release|iPhoneSimulator.Build.0 = Release|Any CPU
		{60BF7BEE-B3CF-4A1F-A714-55308B9334B2}.Release|iPhoneSimulator.Deploy.0 = Release|Any CPU
	EndGlobalSection
	GlobalSection(SolutionProperties) = preSolution
		HideSolutionNode = FALSE
	EndGlobalSection
	GlobalSection(ExtensibilityGlobals) = postSolution
		SolutionGuid = {8A9D3526-B1E4-41C4-BD72-2BFFC465C2B0}
	EndGlobalSection
EndGlobal
